// !$*UTF8*$!
{
	archiveVersion = 1;
	classes = {
	};
	objectVersion = 50;
	objects = {

/* Begin PBXBuildFile section */
		BA466B28262B25C000082AFE /* Tests_iOS.swift in Sources */ = {isa = PBXBuildFile; fileRef = BA466B27262B25C000082AFE /* Tests_iOS.swift */; };
		BA466B33262B25C000082AFE /* Tests_macOS.swift in Sources */ = {isa = PBXBuildFile; fileRef = BA466B32262B25C000082AFE /* Tests_macOS.swift */; };
		BA466B35262B25C000082AFE /* InterruptibleAnimationsApp.swift in Sources */ = {isa = PBXBuildFile; fileRef = BA466B0C262B25C000082AFE /* InterruptibleAnimationsApp.swift */; };
		BA466B36262B25C000082AFE /* InterruptibleAnimationsApp.swift in Sources */ = {isa = PBXBuildFile; fileRef = BA466B0C262B25C000082AFE /* InterruptibleAnimationsApp.swift */; };
		BA466B37262B25C000082AFE /* ContentView.swift in Sources */ = {isa = PBXBuildFile; fileRef = BA466B0D262B25C000082AFE /* ContentView.swift */; };
		BA466B38262B25C000082AFE /* ContentView.swift in Sources */ = {isa = PBXBuildFile; fileRef = BA466B0D262B25C000082AFE /* ContentView.swift */; };
		BA466B39262B25C000082AFE /* Assets.xcassets in Resources */ = {isa = PBXBuildFile; fileRef = BA466B0E262B25C000082AFE /* Assets.xcassets */; };
		BA466B3A262B25C000082AFE /* Assets.xcassets in Resources */ = {isa = PBXBuildFile; fileRef = BA466B0E262B25C000082AFE /* Assets.xcassets */; };
		BA466B4E262B25ED00082AFE /* ExampleViewController.swift in Sources */ = {isa = PBXBuildFile; fileRef = BA466B4D262B25ED00082AFE /* ExampleViewController.swift */; };
		BA466B66262B28F800082AFE /* ExampleViewModel.swift in Sources */ = {isa = PBXBuildFile; fileRef = BA466B53262B268100082AFE /* ExampleViewModel.swift */; };
		BA466B6B262B28F900082AFE /* ExampleViewModel.swift in Sources */ = {isa = PBXBuildFile; fileRef = BA466B53262B268100082AFE /* ExampleViewModel.swift */; };
		BA466B7C262B2E2D00082AFE /* ExampleView.swift in Sources */ = {isa = PBXBuildFile; fileRef = BA466B7B262B2E2D00082AFE /* ExampleView.swift */; };
		BA466B7D262B2E2D00082AFE /* ExampleView.swift in Sources */ = {isa = PBXBuildFile; fileRef = BA466B7B262B2E2D00082AFE /* ExampleView.swift */; };
/* End PBXBuildFile section */

/* Begin PBXContainerItemProxy section */
		BA466B24262B25C000082AFE /* PBXContainerItemProxy */ = {
			isa = PBXContainerItemProxy;
			containerPortal = BA466B07262B25BF00082AFE /* Project object */;
			proxyType = 1;
			remoteGlobalIDString = BA466B12262B25C000082AFE;
			remoteInfo = "InterruptibleAnimations (iOS)";
		};
		BA466B2F262B25C000082AFE /* PBXContainerItemProxy */ = {
			isa = PBXContainerItemProxy;
			containerPortal = BA466B07262B25BF00082AFE /* Project object */;
			proxyType = 1;
			remoteGlobalIDString = BA466B1A262B25C000082AFE;
			remoteInfo = "InterruptibleAnimations (macOS)";
		};
/* End PBXContainerItemProxy section */

/* Begin PBXFileReference section */
		BA466B0C262B25C000082AFE /* InterruptibleAnimationsApp.swift */ = {isa = PBXFileReference; lastKnownFileType = sourcecode.swift; path = InterruptibleAnimationsApp.swift; sourceTree = "<group>"; };
		BA466B0D262B25C000082AFE /* ContentView.swift */ = {isa = PBXFileReference; lastKnownFileType = sourcecode.swift; path = ContentView.swift; sourceTree = "<group>"; };
		BA466B0E262B25C000082AFE /* Assets.xcassets */ = {isa = PBXFileReference; lastKnownFileType = folder.assetcatalog; path = Assets.xcassets; sourceTree = "<group>"; };
		BA466B13262B25C000082AFE /* InterruptibleAnimations.app */ = {isa = PBXFileReference; explicitFileType = wrapper.application; includeInIndex = 0; path = InterruptibleAnimations.app; sourceTree = BUILT_PRODUCTS_DIR; };
		BA466B16262B25C000082AFE /* Info.plist */ = {isa = PBXFileReference; lastKnownFileType = text.plist.xml; path = Info.plist; sourceTree = "<group>"; };
		BA466B1B262B25C000082AFE /* InterruptibleAnimations.app */ = {isa = PBXFileReference; explicitFileType = wrapper.application; includeInIndex = 0; path = InterruptibleAnimations.app; sourceTree = BUILT_PRODUCTS_DIR; };
		BA466B1D262B25C000082AFE /* Info.plist */ = {isa = PBXFileReference; lastKnownFileType = text.plist.xml; path = Info.plist; sourceTree = "<group>"; };
		BA466B1E262B25C000082AFE /* macOS.entitlements */ = {isa = PBXFileReference; lastKnownFileType = text.plist.entitlements; path = macOS.entitlements; sourceTree = "<group>"; };
		BA466B23262B25C000082AFE /* Tests iOS.xctest */ = {isa = PBXFileReference; explicitFileType = wrapper.cfbundle; includeInIndex = 0; path = "Tests iOS.xctest"; sourceTree = BUILT_PRODUCTS_DIR; };
		BA466B27262B25C000082AFE /* Tests_iOS.swift */ = {isa = PBXFileReference; lastKnownFileType = sourcecode.swift; path = Tests_iOS.swift; sourceTree = "<group>"; };
		BA466B29262B25C000082AFE /* Info.plist */ = {isa = PBXFileReference; lastKnownFileType = text.plist.xml; path = Info.plist; sourceTree = "<group>"; };
		BA466B2E262B25C000082AFE /* Tests macOS.xctest */ = {isa = PBXFileReference; explicitFileType = wrapper.cfbundle; includeInIndex = 0; path = "Tests macOS.xctest"; sourceTree = BUILT_PRODUCTS_DIR; };
		BA466B32262B25C000082AFE /* Tests_macOS.swift */ = {isa = PBXFileReference; lastKnownFileType = sourcecode.swift; path = Tests_macOS.swift; sourceTree = "<group>"; };
		BA466B34262B25C000082AFE /* Info.plist */ = {isa = PBXFileReference; lastKnownFileType = text.plist.xml; path = Info.plist; sourceTree = "<group>"; };
		BA466B4D262B25ED00082AFE /* ExampleViewController.swift */ = {isa = PBXFileReference; lastKnownFileType = sourcecode.swift; path = ExampleViewController.swift; sourceTree = "<group>"; };
		BA466B53262B268100082AFE /* ExampleViewModel.swift */ = {isa = PBXFileReference; lastKnownFileType = sourcecode.swift; path = ExampleViewModel.swift; sourceTree = "<group>"; };
		BA466B7B262B2E2D00082AFE /* ExampleView.swift */ = {isa = PBXFileReference; lastKnownFileType = sourcecode.swift; path = ExampleView.swift; sourceTree = "<group>"; };
/* End PBXFileReference section */

/* Begin PBXFrameworksBuildPhase section */
		BA466B10262B25C000082AFE /* Frameworks */ = {
			isa = PBXFrameworksBuildPhase;
			buildActionMask = 2147483647;
			files = (
			);
			runOnlyForDeploymentPostprocessing = 0;
		};
		BA466B18262B25C000082AFE /* Frameworks */ = {
			isa = PBXFrameworksBuildPhase;
			buildActionMask = 2147483647;
			files = (
			);
			runOnlyForDeploymentPostprocessing = 0;
		};
		BA466B20262B25C000082AFE /* Frameworks */ = {
			isa = PBXFrameworksBuildPhase;
			buildActionMask = 2147483647;
			files = (
			);
			runOnlyForDeploymentPostprocessing = 0;
		};
		BA466B2B262B25C000082AFE /* Frameworks */ = {
			isa = PBXFrameworksBuildPhase;
			buildActionMask = 2147483647;
			files = (
			);
			runOnlyForDeploymentPostprocessing = 0;
		};
/* End PBXFrameworksBuildPhase section */

/* Begin PBXGroup section */
		BA466B06262B25BF00082AFE = {
			isa = PBXGroup;
			children = (
				BA466B0B262B25C000082AFE /* Shared */,
				BA466B15262B25C000082AFE /* iOS */,
				BA466B1C262B25C000082AFE /* macOS */,
				BA466B26262B25C000082AFE /* Tests iOS */,
				BA466B31262B25C000082AFE /* Tests macOS */,
				BA466B14262B25C000082AFE /* Products */,
			);
			sourceTree = "<group>";
		};
		BA466B0B262B25C000082AFE /* Shared */ = {
			isa = PBXGroup;
			children = (
				BA466B0C262B25C000082AFE /* InterruptibleAnimationsApp.swift */,
				BA466B0D262B25C000082AFE /* ContentView.swift */,
				BA466B7B262B2E2D00082AFE /* ExampleView.swift */,
				BA466B53262B268100082AFE /* ExampleViewModel.swift */,
				BA466B0E262B25C000082AFE /* Assets.xcassets */,
			);
			path = Shared;
			sourceTree = "<group>";
		};
		BA466B14262B25C000082AFE /* Products */ = {
			isa = PBXGroup;
			children = (
				BA466B13262B25C000082AFE /* InterruptibleAnimations.app */,
				BA466B1B262B25C000082AFE /* InterruptibleAnimations.app */,
				BA466B23262B25C000082AFE /* Tests iOS.xctest */,
				BA466B2E262B25C000082AFE /* Tests macOS.xctest */,
			);
			name = Products;
			sourceTree = "<group>";
		};
		BA466B15262B25C000082AFE /* iOS */ = {
			isa = PBXGroup;
			children = (
				BA466B16262B25C000082AFE /* Info.plist */,
				BA466B4D262B25ED00082AFE /* ExampleViewController.swift */,
			);
			path = iOS;
			sourceTree = "<group>";
		};
		BA466B1C262B25C000082AFE /* macOS */ = {
			isa = PBXGroup;
			children = (
				BA466B1D262B25C000082AFE /* Info.plist */,
				BA466B1E262B25C000082AFE /* macOS.entitlements */,
			);
			path = macOS;
			sourceTree = "<group>";
		};
		BA466B26262B25C000082AFE /* Tests iOS */ = {
			isa = PBXGroup;
			children = (
				BA466B27262B25C000082AFE /* Tests_iOS.swift */,
				BA466B29262B25C000082AFE /* Info.plist */,
			);
			path = "Tests iOS";
			sourceTree = "<group>";
		};
		BA466B31262B25C000082AFE /* Tests macOS */ = {
			isa = PBXGroup;
			children = (
				BA466B32262B25C000082AFE /* Tests_macOS.swift */,
				BA466B34262B25C000082AFE /* Info.plist */,
			);
			path = "Tests macOS";
			sourceTree = "<group>";
		};
/* End PBXGroup section */

/* Begin PBXNativeTarget section */
		BA466B12262B25C000082AFE /* InterruptibleAnimations (iOS) */ = {
			isa = PBXNativeTarget;
			buildConfigurationList = BA466B3D262B25C000082AFE /* Build configuration list for PBXNativeTarget "InterruptibleAnimations (iOS)" */;
			buildPhases = (
				BA466B0F262B25C000082AFE /* Sources */,
				BA466B10262B25C000082AFE /* Frameworks */,
				BA466B11262B25C000082AFE /* Resources */,
			);
			buildRules = (
			);
			dependencies = (
			);
			name = "InterruptibleAnimations (iOS)";
			productName = "InterruptibleAnimations (iOS)";
			productReference = BA466B13262B25C000082AFE /* InterruptibleAnimations.app */;
			productType = "com.apple.product-type.application";
		};
		BA466B1A262B25C000082AFE /* InterruptibleAnimations (macOS) */ = {
			isa = PBXNativeTarget;
			buildConfigurationList = BA466B40262B25C000082AFE /* Build configuration list for PBXNativeTarget "InterruptibleAnimations (macOS)" */;
			buildPhases = (
				BA466B17262B25C000082AFE /* Sources */,
				BA466B18262B25C000082AFE /* Frameworks */,
				BA466B19262B25C000082AFE /* Resources */,
			);
			buildRules = (
			);
			dependencies = (
			);
			name = "InterruptibleAnimations (macOS)";
			productName = "InterruptibleAnimations (macOS)";
			productReference = BA466B1B262B25C000082AFE /* InterruptibleAnimations.app */;
			productType = "com.apple.product-type.application";
		};
		BA466B22262B25C000082AFE /* Tests iOS */ = {
			isa = PBXNativeTarget;
			buildConfigurationList = BA466B43262B25C000082AFE /* Build configuration list for PBXNativeTarget "Tests iOS" */;
			buildPhases = (
				BA466B1F262B25C000082AFE /* Sources */,
				BA466B20262B25C000082AFE /* Frameworks */,
				BA466B21262B25C000082AFE /* Resources */,
			);
			buildRules = (
			);
			dependencies = (
				BA466B25262B25C000082AFE /* PBXTargetDependency */,
			);
			name = "Tests iOS";
			productName = "Tests iOS";
			productReference = BA466B23262B25C000082AFE /* Tests iOS.xctest */;
			productType = "com.apple.product-type.bundle.ui-testing";
		};
		BA466B2D262B25C000082AFE /* Tests macOS */ = {
			isa = PBXNativeTarget;
			buildConfigurationList = BA466B46262B25C000082AFE /* Build configuration list for PBXNativeTarget "Tests macOS" */;
			buildPhases = (
				BA466B2A262B25C000082AFE /* Sources */,
				BA466B2B262B25C000082AFE /* Frameworks */,
				BA466B2C262B25C000082AFE /* Resources */,
			);
			buildRules = (
			);
			dependencies = (
				BA466B30262B25C000082AFE /* PBXTargetDependency */,
			);
			name = "Tests macOS";
			productName = "Tests macOS";
			productReference = BA466B2E262B25C000082AFE /* Tests macOS.xctest */;
			productType = "com.apple.product-type.bundle.ui-testing";
		};
/* End PBXNativeTarget section */

/* Begin PBXProject section */
		BA466B07262B25BF00082AFE /* Project object */ = {
			isa = PBXProject;
			attributes = {
				LastSwiftUpdateCheck = 1240;
				LastUpgradeCheck = 1240;
				TargetAttributes = {
					BA466B12262B25C000082AFE = {
						CreatedOnToolsVersion = 12.4;
					};
					BA466B1A262B25C000082AFE = {
						CreatedOnToolsVersion = 12.4;
					};
					BA466B22262B25C000082AFE = {
						CreatedOnToolsVersion = 12.4;
						TestTargetID = BA466B12262B25C000082AFE;
					};
					BA466B2D262B25C000082AFE = {
						CreatedOnToolsVersion = 12.4;
						TestTargetID = BA466B1A262B25C000082AFE;
					};
				};
			};
			buildConfigurationList = BA466B0A262B25BF00082AFE /* Build configuration list for PBXProject "InterruptibleAnimations" */;
			compatibilityVersion = "Xcode 9.3";
			developmentRegion = en;
			hasScannedForEncodings = 0;
			knownRegions = (
				en,
				Base,
			);
			mainGroup = BA466B06262B25BF00082AFE;
			productRefGroup = BA466B14262B25C000082AFE /* Products */;
			projectDirPath = "";
			projectRoot = "";
			targets = (
				BA466B12262B25C000082AFE /* InterruptibleAnimations (iOS) */,
				BA466B1A262B25C000082AFE /* InterruptibleAnimations (macOS) */,
				BA466B22262B25C000082AFE /* Tests iOS */,
				BA466B2D262B25C000082AFE /* Tests macOS */,
			);
		};
/* End PBXProject section */

/* Begin PBXResourcesBuildPhase section */
		BA466B11262B25C000082AFE /* Resources */ = {
			isa = PBXResourcesBuildPhase;
			buildActionMask = 2147483647;
			files = (
				BA466B39262B25C000082AFE /* Assets.xcassets in Resources */,
			);
			runOnlyForDeploymentPostprocessing = 0;
		};
		BA466B19262B25C000082AFE /* Resources */ = {
			isa = PBXResourcesBuildPhase;
			buildActionMask = 2147483647;
			files = (
				BA466B3A262B25C000082AFE /* Assets.xcassets in Resources */,
			);
			runOnlyForDeploymentPostprocessing = 0;
		};
		BA466B21262B25C000082AFE /* Resources */ = {
			isa = PBXResourcesBuildPhase;
			buildActionMask = 2147483647;
			files = (
			);
			runOnlyForDeploymentPostprocessing = 0;
		};
		BA466B2C262B25C000082AFE /* Resources */ = {
			isa = PBXResourcesBuildPhase;
			buildActionMask = 2147483647;
			files = (
			);
			runOnlyForDeploymentPostprocessing = 0;
		};
/* End PBXResourcesBuildPhase section */

/* Begin PBXSourcesBuildPhase section */
		BA466B0F262B25C000082AFE /* Sources */ = {
			isa = PBXSourcesBuildPhase;
			buildActionMask = 2147483647;
			files = (
				BA466B37262B25C000082AFE /* ContentView.swift in Sources */,
				BA466B6B262B28F900082AFE /* ExampleViewModel.swift in Sources */,
				BA466B35262B25C000082AFE /* InterruptibleAnimationsApp.swift in Sources */,
				BA466B4E262B25ED00082AFE /* ExampleViewController.swift in Sources */,
				BA466B7C262B2E2D00082AFE /* ExampleView.swift in Sources */,
			);
			runOnlyForDeploymentPostprocessing = 0;
		};
		BA466B17262B25C000082AFE /* Sources */ = {
			isa = PBXSourcesBuildPhase;
			buildActionMask = 2147483647;
			files = (
				BA466B38262B25C000082AFE /* ContentView.swift in Sources */,
				BA466B66262B28F800082AFE /* ExampleViewModel.swift in Sources */,
				BA466B36262B25C000082AFE /* InterruptibleAnimationsApp.swift in Sources */,
				BA466B7D262B2E2D00082AFE /* ExampleView.swift in Sources */,
			);
			runOnlyForDeploymentPostprocessing = 0;
		};
		BA466B1F262B25C000082AFE /* Sources */ = {
			isa = PBXSourcesBuildPhase;
			buildActionMask = 2147483647;
			files = (
				BA466B28262B25C000082AFE /* Tests_iOS.swift in Sources */,
			);
			runOnlyForDeploymentPostprocessing = 0;
		};
		BA466B2A262B25C000082AFE /* Sources */ = {
			isa = PBXSourcesBuildPhase;
			buildActionMask = 2147483647;
			files = (
				BA466B33262B25C000082AFE /* Tests_macOS.swift in Sources */,
			);
			runOnlyForDeploymentPostprocessing = 0;
		};
/* End PBXSourcesBuildPhase section */

/* Begin PBXTargetDependency section */
		BA466B25262B25C000082AFE /* PBXTargetDependency */ = {
			isa = PBXTargetDependency;
			target = BA466B12262B25C000082AFE /* InterruptibleAnimations (iOS) */;
			targetProxy = BA466B24262B25C000082AFE /* PBXContainerItemProxy */;
		};
		BA466B30262B25C000082AFE /* PBXTargetDependency */ = {
			isa = PBXTargetDependency;
			target = BA466B1A262B25C000082AFE /* InterruptibleAnimations (macOS) */;
			targetProxy = BA466B2F262B25C000082AFE /* PBXContainerItemProxy */;
		};
/* End PBXTargetDependency section */

/* Begin XCBuildConfiguration section */
		BA466B3B262B25C000082AFE /* Debug */ = {
			isa = XCBuildConfiguration;
			buildSettings = {
				ALWAYS_SEARCH_USER_PATHS = NO;
				CLANG_ANALYZER_NONNULL = YES;
				CLANG_ANALYZER_NUMBER_OBJECT_CONVERSION = YES_AGGRESSIVE;
				CLANG_CXX_LANGUAGE_STANDARD = "gnu++14";
				CLANG_CXX_LIBRARY = "libc++";
				CLANG_ENABLE_MODULES = YES;
				CLANG_ENABLE_OBJC_ARC = YES;
				CLANG_ENABLE_OBJC_WEAK = YES;
				CLANG_WARN_BLOCK_CAPTURE_AUTORELEASING = YES;
				CLANG_WARN_BOOL_CONVERSION = YES;
				CLANG_WARN_COMMA = YES;
				CLANG_WARN_CONSTANT_CONVERSION = YES;
				CLANG_WARN_DEPRECATED_OBJC_IMPLEMENTATIONS = YES;
				CLANG_WARN_DIRECT_OBJC_ISA_USAGE = YES_ERROR;
				CLANG_WARN_DOCUMENTATION_COMMENTS = YES;
				CLANG_WARN_EMPTY_BODY = YES;
				CLANG_WARN_ENUM_CONVERSION = YES;
				CLANG_WARN_INFINITE_RECURSION = YES;
				CLANG_WARN_INT_CONVERSION = YES;
				CLANG_WARN_NON_LITERAL_NULL_CONVERSION = YES;
				CLANG_WARN_OBJC_IMPLICIT_RETAIN_SELF = YES;
				CLANG_WARN_OBJC_LITERAL_CONVERSION = YES;
				CLANG_WARN_OBJC_ROOT_CLASS = YES_ERROR;
				CLANG_WARN_QUOTED_INCLUDE_IN_FRAMEWORK_HEADER = YES;
				CLANG_WARN_RANGE_LOOP_ANALYSIS = YES;
				CLANG_WARN_STRICT_PROTOTYPES = YES;
				CLANG_WARN_SUSPICIOUS_MOVE = YES;
				CLANG_WARN_UNGUARDED_AVAILABILITY = YES_AGGRESSIVE;
				CLANG_WARN_UNREACHABLE_CODE = YES;
				CLANG_WARN__DUPLICATE_METHOD_MATCH = YES;
				COPY_PHASE_STRIP = NO;
				DEBUG_INFORMATION_FORMAT = dwarf;
				ENABLE_STRICT_OBJC_MSGSEND = YES;
				ENABLE_TESTABILITY = YES;
				GCC_C_LANGUAGE_STANDARD = gnu11;
				GCC_DYNAMIC_NO_PIC = NO;
				GCC_NO_COMMON_BLOCKS = YES;
				GCC_OPTIMIZATION_LEVEL = 0;
				GCC_PREPROCESSOR_DEFINITIONS = (
					"DEBUG=1",
					"$(inherited)",
				);
				GCC_WARN_64_TO_32_BIT_CONVERSION = YES;
				GCC_WARN_ABOUT_RETURN_TYPE = YES_ERROR;
				GCC_WARN_UNDECLARED_SELECTOR = YES;
				GCC_WARN_UNINITIALIZED_AUTOS = YES_AGGRESSIVE;
				GCC_WARN_UNUSED_FUNCTION = YES;
				GCC_WARN_UNUSED_VARIABLE = YES;
				MTL_ENABLE_DEBUG_INFO = INCLUDE_SOURCE;
				MTL_FAST_MATH = YES;
				ONLY_ACTIVE_ARCH = YES;
				SWIFT_ACTIVE_COMPILATION_CONDITIONS = DEBUG;
				SWIFT_OPTIMIZATION_LEVEL = "-Onone";
			};
			name = Debug;
		};
		BA466B3C262B25C000082AFE /* Release */ = {
			isa = XCBuildConfiguration;
			buildSettings = {
				ALWAYS_SEARCH_USER_PATHS = NO;
				CLANG_ANALYZER_NONNULL = YES;
				CLANG_ANALYZER_NUMBER_OBJECT_CONVERSION = YES_AGGRESSIVE;
				CLANG_CXX_LANGUAGE_STANDARD = "gnu++14";
				CLANG_CXX_LIBRARY = "libc++";
				CLANG_ENABLE_MODULES = YES;
				CLANG_ENABLE_OBJC_ARC = YES;
				CLANG_ENABLE_OBJC_WEAK = YES;
				CLANG_WARN_BLOCK_CAPTURE_AUTORELEASING = YES;
				CLANG_WARN_BOOL_CONVERSION = YES;
				CLANG_WARN_COMMA = YES;
				CLANG_WARN_CONSTANT_CONVERSION = YES;
				CLANG_WARN_DEPRECATED_OBJC_IMPLEMENTATIONS = YES;
				CLANG_WARN_DIRECT_OBJC_ISA_USAGE = YES_ERROR;
				CLANG_WARN_DOCUMENTATION_COMMENTS = YES;
				CLANG_WARN_EMPTY_BODY = YES;
				CLANG_WARN_ENUM_CONVERSION = YES;
				CLANG_WARN_INFINITE_RECURSION = YES;
				CLANG_WARN_INT_CONVERSION = YES;
				CLANG_WARN_NON_LITERAL_NULL_CONVERSION = YES;
				CLANG_WARN_OBJC_IMPLICIT_RETAIN_SELF = YES;
				CLANG_WARN_OBJC_LITERAL_CONVERSION = YES;
				CLANG_WARN_OBJC_ROOT_CLASS = YES_ERROR;
				CLANG_WARN_QUOTED_INCLUDE_IN_FRAMEWORK_HEADER = YES;
				CLANG_WARN_RANGE_LOOP_ANALYSIS = YES;
				CLANG_WARN_STRICT_PROTOTYPES = YES;
				CLANG_WARN_SUSPICIOUS_MOVE = YES;
				CLANG_WARN_UNGUARDED_AVAILABILITY = YES_AGGRESSIVE;
				CLANG_WARN_UNREACHABLE_CODE = YES;
				CLANG_WARN__DUPLICATE_METHOD_MATCH = YES;
				COPY_PHASE_STRIP = NO;
				DEBUG_INFORMATION_FORMAT = "dwarf-with-dsym";
				ENABLE_NS_ASSERTIONS = NO;
				ENABLE_STRICT_OBJC_MSGSEND = YES;
				GCC_C_LANGUAGE_STANDARD = gnu11;
				GCC_NO_COMMON_BLOCKS = YES;
				GCC_WARN_64_TO_32_BIT_CONVERSION = YES;
				GCC_WARN_ABOUT_RETURN_TYPE = YES_ERROR;
				GCC_WARN_UNDECLARED_SELECTOR = YES;
				GCC_WARN_UNINITIALIZED_AUTOS = YES_AGGRESSIVE;
				GCC_WARN_UNUSED_FUNCTION = YES;
				GCC_WARN_UNUSED_VARIABLE = YES;
				MTL_ENABLE_DEBUG_INFO = NO;
				MTL_FAST_MATH = YES;
				SWIFT_COMPILATION_MODE = wholemodule;
				SWIFT_OPTIMIZATION_LEVEL = "-O";
			};
			name = Release;
		};
		BA466B3E262B25C000082AFE /* Debug */ = {
			isa = XCBuildConfiguration;
			buildSettings = {
				ASSETCATALOG_COMPILER_APPICON_NAME = AppIcon;
				ASSETCATALOG_COMPILER_GLOBAL_ACCENT_COLOR_NAME = AccentColor;
				CODE_SIGN_STYLE = Automatic;
				DEVELOPMENT_TEAM = KYWB97GK66;
				ENABLE_PREVIEWS = YES;
				INFOPLIST_FILE = iOS/Info.plist;
				IPHONEOS_DEPLOYMENT_TARGET = 14.0;
				LD_RUNPATH_SEARCH_PATHS = (
					"$(inherited)",
					"@executable_path/Frameworks",
				);
				PRODUCT_BUNDLE_IDENTIFIER = com.lefthandedsoftware.InterruptibleAnimations;
				PRODUCT_NAME = InterruptibleAnimations;
				SDKROOT = iphoneos;
				SWIFT_VERSION = 5.0;
				TARGETED_DEVICE_FAMILY = "1,2";
			};
			name = Debug;
		};
		BA466B3F262B25C000082AFE /* Release */ = {
			isa = XCBuildConfiguration;
			buildSettings = {
				ASSETCATALOG_COMPILER_APPICON_NAME = AppIcon;
				ASSETCATALOG_COMPILER_GLOBAL_ACCENT_COLOR_NAME = AccentColor;
				CODE_SIGN_STYLE = Automatic;
				DEVELOPMENT_TEAM = KYWB97GK66;
				ENABLE_PREVIEWS = YES;
				INFOPLIST_FILE = iOS/Info.plist;
				IPHONEOS_DEPLOYMENT_TARGET = 14.0;
				LD_RUNPATH_SEARCH_PATHS = (
					"$(inherited)",
					"@executable_path/Frameworks",
				);
				PRODUCT_BUNDLE_IDENTIFIER = com.lefthandedsoftware.InterruptibleAnimations;
				PRODUCT_NAME = InterruptibleAnimations;
				SDKROOT = iphoneos;
				SWIFT_VERSION = 5.0;
				TARGETED_DEVICE_FAMILY = "1,2";
				VALIDATE_PRODUCT = YES;
			};
			name = Release;
		};
		BA466B41262B25C000082AFE /* Debug */ = {
			isa = XCBuildConfiguration;
			buildSettings = {
				ASSETCATALOG_COMPILER_APPICON_NAME = AppIcon;
				ASSETCATALOG_COMPILER_GLOBAL_ACCENT_COLOR_NAME = AccentColor;
				CODE_SIGN_ENTITLEMENTS = macOS/macOS.entitlements;
				CODE_SIGN_STYLE = Automatic;
				COMBINE_HIDPI_IMAGES = YES;
				DEVELOPMENT_TEAM = KYWB97GK66;
				ENABLE_HARDENED_RUNTIME = YES;
				ENABLE_PREVIEWS = YES;
				INFOPLIST_FILE = macOS/Info.plist;
				LD_RUNPATH_SEARCH_PATHS = (
					"$(inherited)",
					"@executable_path/../Frameworks",
				);
				MACOSX_DEPLOYMENT_TARGET = 11.0;
				PRODUCT_BUNDLE_IDENTIFIER = com.lefthandedsoftware.InterruptibleAnimations;
				PRODUCT_NAME = InterruptibleAnimations;
				SDKROOT = macosx;
				SWIFT_VERSION = 5.0;
			};
			name = Debug;
		};
		BA466B42262B25C000082AFE /* Release */ = {
			isa = XCBuildConfiguration;
			buildSettings = {
				ASSETCATALOG_COMPILER_APPICON_NAME = AppIcon;
				ASSETCATALOG_COMPILER_GLOBAL_ACCENT_COLOR_NAME = AccentColor;
				CODE_SIGN_ENTITLEMENTS = macOS/macOS.entitlements;
				CODE_SIGN_STYLE = Automatic;
				COMBINE_HIDPI_IMAGES = YES;
				DEVELOPMENT_TEAM = KYWB97GK66;
				ENABLE_HARDENED_RUNTIME = YES;
				ENABLE_PREVIEWS = YES;
				INFOPLIST_FILE = macOS/Info.plist;
				LD_RUNPATH_SEARCH_PATHS = (
					"$(inherited)",
					"@executable_path/../Frameworks",
				);
				MACOSX_DEPLOYMENT_TARGET = 11.0;
				PRODUCT_BUNDLE_IDENTIFIER = com.lefthandedsoftware.InterruptibleAnimations;
				PRODUCT_NAME = InterruptibleAnimations;
				SDKROOT = macosx;
				SWIFT_VERSION = 5.0;
			};
			name = Release;
		};
		BA466B44262B25C000082AFE /* Debug */ = {
			isa = XCBuildConfiguration;
			buildSettings = {
				ALWAYS_EMBED_SWIFT_STANDARD_LIBRARIES = YES;
				CODE_SIGN_STYLE = Automatic;
				DEVELOPMENT_TEAM = KYWB97GK66;
				INFOPLIST_FILE = "Tests iOS/Info.plist";
				IPHONEOS_DEPLOYMENT_TARGET = 14.4;
				LD_RUNPATH_SEARCH_PATHS = (
					"$(inherited)",
					"@executable_path/Frameworks",
					"@loader_path/Frameworks",
				);
				PRODUCT_BUNDLE_IDENTIFIER = "com.lefthandedsoftware.Tests-iOS";
				PRODUCT_NAME = "$(TARGET_NAME)";
				SDKROOT = iphoneos;
				SWIFT_VERSION = 5.0;
				TARGETED_DEVICE_FAMILY = "1,2";
				TEST_TARGET_NAME = "InterruptibleAnimations (iOS)";
			};
			name = Debug;
		};
		BA466B45262B25C000082AFE /* Release */ = {
			isa = XCBuildConfiguration;
			buildSettings = {
				ALWAYS_EMBED_SWIFT_STANDARD_LIBRARIES = YES;
				CODE_SIGN_STYLE = Automatic;
				DEVELOPMENT_TEAM = KYWB97GK66;
				INFOPLIST_FILE = "Tests iOS/Info.plist";
				IPHONEOS_DEPLOYMENT_TARGET = 14.4;
				LD_RUNPATH_SEARCH_PATHS = (
					"$(inherited)",
					"@executable_path/Frameworks",
					"@loader_path/Frameworks",
				);
				PRODUCT_BUNDLE_IDENTIFIER = "com.lefthandedsoftware.Tests-iOS";
				PRODUCT_NAME = "$(TARGET_NAME)";
				SDKROOT = iphoneos;
				SWIFT_VERSION = 5.0;
				TARGETED_DEVICE_FAMILY = "1,2";
				TEST_TARGET_NAME = "InterruptibleAnimations (iOS)";
				VALIDATE_PRODUCT = YES;
			};
			name = Release;
		};
		BA466B47262B25C000082AFE /* Debug */ = {
			isa = XCBuildConfiguration;
			buildSettings = {
				ALWAYS_EMBED_SWIFT_STANDARD_LIBRARIES = YES;
				CODE_SIGN_STYLE = Automatic;
				COMBINE_HIDPI_IMAGES = YES;
				DEVELOPMENT_TEAM = KYWB97GK66;
				INFOPLIST_FILE = "Tests macOS/Info.plist";
				LD_RUNPATH_SEARCH_PATHS = (
					"$(inherited)",
					"@executable_path/../Frameworks",
					"@loader_path/../Frameworks",
				);
				MACOSX_DEPLOYMENT_TARGET = 11.1;
				PRODUCT_BUNDLE_IDENTIFIER = "com.lefthandedsoftware.Tests-macOS";
				PRODUCT_NAME = "$(TARGET_NAME)";
				SDKROOT = macosx;
				SWIFT_VERSION = 5.0;
				TEST_TARGET_NAME = "InterruptibleAnimations (macOS)";
			};
			name = Debug;
		};
		BA466B48262B25C000082AFE /* Release */ = {
			isa = XCBuildConfiguration;
			buildSettings = {
				ALWAYS_EMBED_SWIFT_STANDARD_LIBRARIES = YES;
				CODE_SIGN_STYLE = Automatic;
				COMBINE_HIDPI_IMAGES = YES;
				DEVELOPMENT_TEAM = KYWB97GK66;
				INFOPLIST_FILE = "Tests macOS/Info.plist";
				LD_RUNPATH_SEARCH_PATHS = (
					"$(inherited)",
					"@executable_path/../Frameworks",
					"@loader_path/../Frameworks",
				);
				MACOSX_DEPLOYMENT_TARGET = 11.1;
				PRODUCT_BUNDLE_IDENTIFIER = "com.lefthandedsoftware.Tests-macOS";
				PRODUCT_NAME = "$(TARGET_NAME)";
				SDKROOT = macosx;
				SWIFT_VERSION = 5.0;
				TEST_TARGET_NAME = "InterruptibleAnimations (macOS)";
			};
			name = Release;
		};
/* End XCBuildConfiguration section */

/* Begin XCConfigurationList section */
		BA466B0A262B25BF00082AFE /* Build configuration list for PBXProject "InterruptibleAnimations" */ = {
			isa = XCConfigurationList;
			buildConfigurations = (
				BA466B3B262B25C000082AFE /* Debug */,
				BA466B3C262B25C000082AFE /* Release */,
			);
			defaultConfigurationIsVisible = 0;
			defaultConfigurationName = Release;
		};
		BA466B3D262B25C000082AFE /* Build configuration list for PBXNativeTarget "InterruptibleAnimations (iOS)" */ = {
			isa = XCConfigurationList;
			buildConfigurations = (
				BA466B3E262B25C000082AFE /* Debug */,
				BA466B3F262B25C000082AFE /* Release */,
			);
			defaultConfigurationIsVisible = 0;
			defaultConfigurationName = Release;
		};
		BA466B40262B25C000082AFE /* Build configuration list for PBXNativeTarget "InterruptibleAnimations (macOS)" */ = {
			isa = XCConfigurationList;
			buildConfigurations = (
				BA466B41262B25C000082AFE /* Debug */,
				BA466B42262B25C000082AFE /* Release */,
			);
			defaultConfigurationIsVisible = 0;
			defaultConfigurationName = Release;
		};
		BA466B43262B25C000082AFE /* Build configuration list for PBXNativeTarget "Tests iOS" */ = {
			isa = XCConfigurationList;
			buildConfigurations = (
				BA466B44262B25C000082AFE /* Debug */,
				BA466B45262B25C000082AFE /* Release */,
			);
			defaultConfigurationIsVisible = 0;
			defaultConfigurationName = Release;
		};
		BA466B46262B25C000082AFE /* Build configuration list for PBXNativeTarget "Tests macOS" */ = {
			isa = XCConfigurationList;
			buildConfigurations = (
				BA466B47262B25C000082AFE /* Debug */,
				BA466B48262B25C000082AFE /* Release */,
			);
			defaultConfigurationIsVisible = 0;
			defaultConfigurationName = Release;
		};
/* End XCConfigurationList section */
	};
	rootObject = BA466B07262B25BF00082AFE /* Project object */;
}
